DEPENDENCIES
  rails-app
    path: .
    metadata: true

GRAPH
  apache2 (1.11.0)
    freebsd (>= 0.0.0)
    iptables (>= 0.0.0)
    logrotate (>= 0.0.0)
    pacman (>= 0.0.0)
  application (4.1.6)
  application_ruby (3.0.2)
    apache2 (>= 0.0.0)
    application (~> 4.0)
    logrotate (~> 1.0)
    passenger_apache2 (>= 0.0.0)
    runit (~> 1.0)
    unicorn (>= 0.0.0)
  apt (2.7.0)
  bluepill (2.3.1)
    rsyslog (>= 0.0.0)
  build-essential (2.2.3)
  chef-sugar (3.1.0)
  database (4.0.6)
    postgresql (>= 1.0.0)
  freebsd (0.3.0)
  iptables (1.0.0)
  logrotate (1.9.1)
  nginx (2.7.6)
    apt (~> 2.2)
    bluepill (~> 2.3)
    build-essential (~> 2.0)
    ohai (~> 2.0)
    runit (~> 1.2)
    yum-epel (~> 0.3)
  nginx_passenger (0.5.5)
    apt (>= 0.0.0)
    ssl_certificate (>= 0.0.0)
  ohai (2.0.1)
  openssl (4.0.0)
    chef-sugar (>= 0.0.0)
  packagecloud (0.0.18)
  pacman (1.1.1)
  partial_search (1.0.8)
  passenger_apache2 (2.2.3)
    apache2 (~> 1.0)
    build-essential (>= 0.0.0)
  postgresql (3.4.20)
    apt (>= 1.9.0)
    build-essential (>= 0.0.0)
    openssl (~> 4.0.0)
  rails-app (0.1.0)
    application (>= 0.0.0)
    application_ruby (>= 0.0.0)
    apt (>= 0.0.0)
    build-essential (>= 0.0.0)
    database (>= 0.0.0)
    nginx (>= 0.0.0)
    nginx_passenger (>= 0.0.0)
    postgresql (>= 3.4.20)
    ssh_known_hosts (>= 0.0.0)
  rsyslog (2.0.0)
  runit (1.6.0)
    packagecloud (>= 0.0.0)
  ssh_known_hosts (2.0.0)
    partial_search (>= 0.0.0)
  ssl_certificate (1.5.0)
  unicorn (2.0.0)
  yum (3.6.1)
  yum-epel (0.6.0)
    yum (~> 3.0)
